
Microsoft Visual Studio Solution File, Format Version 12.00
# Visual Studio 15
VisualStudioVersion = 15.0.28307.572
MinimumVisualStudioVersion = 10.0.40219.1
Project("{FAE04EC0-301F-11D3-BF4B-00C04F79EFBC}") = "CMS.Web", "CMS.Web\CMS.Web.csproj", "{36349C3E-0F01-4540-A196-6E7143A18EC1}"
EndProject
Project("{FAE04EC0-301F-11D3-BF4B-00C04F79EFBC}") = "CMS.DAL", "CMS.DAL\CMS.DAL.csproj", "{F08BCA99-1070-4319-B16F-33B17FC6BDD5}"
EndProject
Project("{FAE04EC0-301F-11D3-BF4B-00C04F79EFBC}") = "CMS.BLL", "CMS.BLL\CMS.BLL.csproj", "{9FE34436-D386-44A9-952F-37B17A352B0E}"
EndProject
Project("{FAE04EC0-301F-11D3-BF4B-00C04F79EFBC}") = "CMS.Model", "CMS.Model\CMS.Model.csproj", "{BB82E79B-58F1-4CBE-901A-151180C4F0EB}"
EndProject
Project("{FAE04EC0-301F-11D3-BF4B-00C04F79EFBC}") = "CMS.Common", "CMS.Common\CMS.Common.csproj", "{D6E8F669-EE2B-4AAF-AE91-56CA647C0A92}"
EndProject
Global
	GlobalSection(SolutionConfigurationPlatforms) = preSolution
		Debug|Any CPU = Debug|Any CPU
		Release|Any CPU = Release|Any CPU
	EndGlobalSection
	GlobalSection(ProjectConfigurationPlatforms) = postSolution
		{36349C3E-0F01-4540-A196-6E7143A18EC1}.Debug|Any CPU.ActiveCfg = Debug|Any CPU
		{36349C3E-0F01-4540-A196-6E7143A18EC1}.Debug|Any CPU.Build.0 = Debug|Any CPU
		{36349C3E-0F01-4540-A196-6E7143A18EC1}.Release|Any CPU.ActiveCfg = Release|Any CPU
		{36349C3E-0F01-4540-A196-6E7143A18EC1}.Release|Any CPU.Build.0 = Release|Any CPU
		{F08BCA99-1070-4319-B16F-33B17FC6BDD5}.Debug|Any CPU.ActiveCfg = Debug|Any CPU
		{F08BCA99-1070-4319-B16F-33B17FC6BDD5}.Debug|Any CPU.Build.0 = Debug|Any CPU
		{F08BCA99-1070-4319-B16F-33B17FC6BDD5}.Release|Any CPU.ActiveCfg = Release|Any CPU
		{F08BCA99-1070-4319-B16F-33B17FC6BDD5}.Release|Any CPU.Build.0 = Release|Any CPU
		{9FE34436-D386-44A9-952F-37B17A352B0E}.Debug|Any CPU.ActiveCfg = Debug|Any CPU
		{9FE34436-D386-44A9-952F-37B17A352B0E}.Debug|Any CPU.Build.0 = Debug|Any CPU
		{9FE34436-D386-44A9-952F-37B17A352B0E}.Release|Any CPU.ActiveCfg = Release|Any CPU
		{9FE34436-D386-44A9-952F-37B17A352B0E}.Release|Any CPU.Build.0 = Release|Any CPU
		{BB82E79B-58F1-4CBE-901A-151180C4F0EB}.Debug|Any CPU.ActiveCfg = Debug|Any CPU
		{BB82E79B-58F1-4CBE-901A-151180C4F0EB}.Debug|Any CPU.Build.0 = Debug|Any CPU
		{BB82E79B-58F1-4CBE-901A-151180C4F0EB}.Release|Any CPU.ActiveCfg = Release|Any CPU
		{BB82E79B-58F1-4CBE-901A-151180C4F0EB}.Release|Any CPU.Build.0 = Release|Any CPU
		{D6E8F669-EE2B-4AAF-AE91-56CA647C0A92}.Debug|Any CPU.ActiveCfg = Debug|Any CPU
		{D6E8F669-EE2B-4AAF-AE91-56CA647C0A92}.Debug|Any CPU.Build.0 = Debug|Any CPU
		{D6E8F669-EE2B-4AAF-AE91-56CA647C0A92}.Release|Any CPU.ActiveCfg = Release|Any CPU
		{D6E8F669-EE2B-4AAF-AE91-56CA647C0A92}.Release|Any CPU.Build.0 = Release|Any CPU
	EndGlobalSection
	GlobalSection(SolutionProperties) = preSolution
		HideSolutionNode = FALSE
	EndGlobalSection
	GlobalSection(ExtensibilityGlobals) = postSolution
		SolutionGuid = {14DAE635-4904-49F1-B8DF-FFBA22C4EEA9}
	EndGlobalSection
EndGlobal
